PODS:
  - Expecta (1.0.3)
  - JSONModel (1.1.2)
  - OCMock (3.2)
  - Specta (1.0.4)

DEPENDENCIES:
  - Expecta
  - JSONModel
  - OCMock
  - Specta

SPEC CHECKSUMS:
  Expecta: 9d1bff6c8b0eeee73a166a2ee898892478927a15
  JSONModel: 216584d0311b053ff714f1d6cb700dbf890847bc
  OCMock: 28def049ef47f996b515a8eeea958be7ccab2dbb
  Specta: 69bb134672aae190a1379ff91df07dad8dd1f869

COCOAPODS: 0.39.0
