PODS:
  - Expecta (1.0.5)
  - Haneke (1.0.2)
  - JSONModel (1.2.0)
  - OCMock (3.2.2)
  - Specta (1.0.5)

DEPENDENCIES:
  - Expecta
  - Haneke (~> 1.0)
  - JSONModel
  - OCMock
  - Specta

SPEC CHECKSUMS:
  Expecta: e1c022fcd33910b6be89c291d2775b3fe27a89fe
  Haneke: 01454a67322faa0dd9d81fc0f447885044e71521
  JSONModel: 12523685c4b623553ccf844bbbf7007624317b2c
  OCMock: 18c9b7e67d4c2770e95bb77a9cc1ae0c91fe3835
  Specta: ac94d110b865115fe60ff2c6d7281053c6f8e8a2

COCOAPODS: 0.39.0
