// !$*UTF8*$!
{
	archiveVersion = 1;
	classes = {
	};
	objectVersion = 46;
	objects = {

/* Begin PBXBuildFile section */
		031A88D61BFE0CB50039D86F /* AppDelegate.swift in Sources */ = {isa = PBXBuildFile; fileRef = 031A88D31BFE0CB50039D86F /* AppDelegate.swift */; settings = {ASSET_TAGS = (); }; };
		031A88D71BFE0CB50039D86F /* Main.storyboard in Resources */ = {isa = PBXBuildFile; fileRef = 031A88D41BFE0CB50039D86F /* Main.storyboard */; settings = {ASSET_TAGS = (); }; };
		031A88D81BFE0CB50039D86F /* SettingViewController.swift in Sources */ = {isa = PBXBuildFile; fileRef = 031A88D51BFE0CB50039D86F /* SettingViewController.swift */; settings = {ASSET_TAGS = (); }; };
		031CFFB51BFF4AC500A0AECC /* CellRequestModel.swift in Sources */ = {isa = PBXBuildFile; fileRef = 031CFFB41BFF4AC500A0AECC /* CellRequestModel.swift */; settings = {ASSET_TAGS = (); }; };
		0336686E1BFE0FE100108944 /* PubnativeTestCrediantials.swift in Sources */ = {isa = PBXBuildFile; fileRef = 0336686D1BFE0FE100108944 /* PubnativeTestCrediantials.swift */; settings = {ASSET_TAGS = (); }; };
		03484F5A1C02EBD000D193B5 /* AdCellTableViewCell.swift in Sources */ = {isa = PBXBuildFile; fileRef = 03484F591C02EBD000D193B5 /* AdCellTableViewCell.swift */; settings = {ASSET_TAGS = (); }; };
		034D6F5C1BEA5DE6001CF3A5 /* TestValidNetworkAdapter.m in Sources */ = {isa = PBXBuildFile; fileRef = 034D6F5A1BEA5DAC001CF3A5 /* TestValidNetworkAdapter.m */; settings = {ASSET_TAGS = (); }; };
		036C92381C0318A400F8F128 /* FloatRatingView.swift in Sources */ = {isa = PBXBuildFile; fileRef = 036C92371C0318A400F8F128 /* FloatRatingView.swift */; settings = {ASSET_TAGS = (); }; };
		036C923D1C03470500F8F128 /* PubnativeNetworkRequestSpec.m in Sources */ = {isa = PBXBuildFile; fileRef = 036C923B1C03468200F8F128 /* PubnativeNetworkRequestSpec.m */; settings = {ASSET_TAGS = (); }; };
		037486D51BF0D961004FFEA1 /* FacebookNativeAdModel.m in Sources */ = {isa = PBXBuildFile; fileRef = 037486D11BF0D961004FFEA1 /* FacebookNativeAdModel.m */; settings = {ASSET_TAGS = (); }; };
		037486D61BF0D961004FFEA1 /* FacebookNetworkAdapter.m in Sources */ = {isa = PBXBuildFile; fileRef = 037486D31BF0D961004FFEA1 /* FacebookNetworkAdapter.m */; settings = {ASSET_TAGS = (); }; };
		037486D71BF0D961004FFEA1 /* FBAudienceNetwork.framework in Frameworks */ = {isa = PBXBuildFile; fileRef = 037486D41BF0D961004FFEA1 /* FBAudienceNetwork.framework */; settings = {ASSET_TAGS = (); }; };
		037486D81BF0DA3E004FFEA1 /* FBAudienceNetwork.framework in Frameworks */ = {isa = PBXBuildFile; fileRef = 037486D41BF0D961004FFEA1 /* FBAudienceNetwork.framework */; settings = {ASSET_TAGS = (); }; };
		037486D91BF0DA3F004FFEA1 /* FBAudienceNetwork.framework in Frameworks */ = {isa = PBXBuildFile; fileRef = 037486D41BF0D961004FFEA1 /* FBAudienceNetwork.framework */; settings = {ASSET_TAGS = (); }; };
		03A9A6A11BFDA32100993D9B /* PubnativeAdModelSpec.m in Sources */ = {isa = PBXBuildFile; fileRef = 03A9A6A01BFDA32100993D9B /* PubnativeAdModelSpec.m */; settings = {ASSET_TAGS = (); }; };
		03D092841BFEFDB600A79CA7 /* MainViewController.swift in Sources */ = {isa = PBXBuildFile; fileRef = 03D092831BFEFDB600A79CA7 /* MainViewController.swift */; settings = {ASSET_TAGS = (); }; };
		03D53E3F1C0743870028A4AF /* RequestHandler.swift in Sources */ = {isa = PBXBuildFile; fileRef = 03D53E3E1C0743870028A4AF /* RequestHandler.swift */; settings = {ASSET_TAGS = (); }; };
		25FFE773F39179F889518868 /* libPods-PubnativeMediationDemo.a in Frameworks */ = {isa = PBXBuildFile; fileRef = 5734361BBDD660F73DCEB216 /* libPods-PubnativeMediationDemo.a */; };
		A7790EE3605B243BD8C2DC3E /* libPods-PubnativeMediation.a in Frameworks */ = {isa = PBXBuildFile; fileRef = FF7483EA05BDC146190BAAD6 /* libPods-PubnativeMediation.a */; };
		D54384941BC528D000EBE27A /* PubnativeNetworkAdapter.m in Sources */ = {isa = PBXBuildFile; fileRef = D54384811BC528D000EBE27A /* PubnativeNetworkAdapter.m */; };
		D54384951BC528D000EBE27A /* PubnativeNetworkAdapterFactory.m in Sources */ = {isa = PBXBuildFile; fileRef = D54384831BC528D000EBE27A /* PubnativeNetworkAdapterFactory.m */; };
		D54384991BC528D000EBE27A /* PubnativeAdModel.m in Sources */ = {isa = PBXBuildFile; fileRef = D54384911BC528D000EBE27A /* PubnativeAdModel.m */; };
		D543849A1BC528D000EBE27A /* PubnativeNetworkRequest.m in Sources */ = {isa = PBXBuildFile; fileRef = D54384931BC528D000EBE27A /* PubnativeNetworkRequest.m */; };
		D54384BF1BC528F500EBE27A /* Assets.xcassets in Resources */ = {isa = PBXBuildFile; fileRef = D54384BE1BC528F500EBE27A /* Assets.xcassets */; };
		D54384C21BC528F500EBE27A /* LaunchScreen.storyboard in Resources */ = {isa = PBXBuildFile; fileRef = D54384C01BC528F500EBE27A /* LaunchScreen.storyboard */; };
		D54384C81BC529CC00EBE27A /* libPubnativeMediation.a in Frameworks */ = {isa = PBXBuildFile; fileRef = D54384621BC528A000EBE27A /* libPubnativeMediation.a */; };
		D5E26AA31BEA4B7F00888F42 /* libPubnativeMediation.a in Frameworks */ = {isa = PBXBuildFile; fileRef = D54384621BC528A000EBE27A /* libPubnativeMediation.a */; };
		D5E26AA81BEA4C1900888F42 /* PubnativeConfigManagerSpec.m in Sources */ = {isa = PBXBuildFile; fileRef = D5E26AA51BEA4C1900888F42 /* PubnativeConfigManagerSpec.m */; };
		D5E26AA91BEA4C1900888F42 /* PubnativeConfigUtils.m in Sources */ = {isa = PBXBuildFile; fileRef = D5E26AA71BEA4C1900888F42 /* PubnativeConfigUtils.m */; };
		D5E26AB81BEA4CCA00888F42 /* invalid.json in Resources */ = {isa = PBXBuildFile; fileRef = D5E26AAD1BEA4CCA00888F42 /* invalid.json */; };
		D5E26AB91BEA4CCA00888F42 /* response_error.json in Resources */ = {isa = PBXBuildFile; fileRef = D5E26AAF1BEA4CCA00888F42 /* response_error.json */; };
		D5E26ABA1BEA4CCA00888F42 /* response_ok_empty.json in Resources */ = {isa = PBXBuildFile; fileRef = D5E26AB01BEA4CCA00888F42 /* response_ok_empty.json */; };
		D5E26ABB1BEA4CCA00888F42 /* response_ok_invalid.json in Resources */ = {isa = PBXBuildFile; fileRef = D5E26AB11BEA4CCA00888F42 /* response_ok_invalid.json */; };
		D5E26ABC1BEA4CCA00888F42 /* response_ok_valid.json in Resources */ = {isa = PBXBuildFile; fileRef = D5E26AB21BEA4CCA00888F42 /* response_ok_valid.json */; };
		D5E26ABD1BEA4CCA00888F42 /* config_empty.json in Resources */ = {isa = PBXBuildFile; fileRef = D5E26AB41BEA4CCA00888F42 /* config_empty.json */; };
		D5E26ABE1BEA4CCA00888F42 /* config_valid.json in Resources */ = {isa = PBXBuildFile; fileRef = D5E26AB51BEA4CCA00888F42 /* config_valid.json */; };
		D5E26AC71BEA4F6E00888F42 /* PubnativeNetworkAdapterFactorySpec.m in Sources */ = {isa = PBXBuildFile; fileRef = D5E26AC51BEA4F6E00888F42 /* PubnativeNetworkAdapterFactorySpec.m */; };
		D5E26AC81BEA4F6E00888F42 /* PubnativeNetworkAdapterSpec.m in Sources */ = {isa = PBXBuildFile; fileRef = D5E26AC61BEA4F6E00888F42 /* PubnativeNetworkAdapterSpec.m */; };
		D5FE08231BEA170B007396B6 /* PubnativeConfigAPIResponseModel.m in Sources */ = {isa = PBXBuildFile; fileRef = D5FE08101BEA170A007396B6 /* PubnativeConfigAPIResponseModel.m */; };
		D5FE08241BEA170B007396B6 /* PubnativeConfigGlobalsModel.m in Sources */ = {isa = PBXBuildFile; fileRef = D5FE08121BEA170A007396B6 /* PubnativeConfigGlobalsModel.m */; };
		D5FE08251BEA170B007396B6 /* PubnativeConfigModel.m in Sources */ = {isa = PBXBuildFile; fileRef = D5FE08141BEA170B007396B6 /* PubnativeConfigModel.m */; };
		D5FE08261BEA170B007396B6 /* PubnativeConfigRequestModel.m in Sources */ = {isa = PBXBuildFile; fileRef = D5FE08161BEA170B007396B6 /* PubnativeConfigRequestModel.m */; };
		D5FE08271BEA170B007396B6 /* PubnativeDeliveryRuleModel.m in Sources */ = {isa = PBXBuildFile; fileRef = D5FE08181BEA170B007396B6 /* PubnativeDeliveryRuleModel.m */; };
		D5FE08281BEA170B007396B6 /* PubnativeNetworkModel.m in Sources */ = {isa = PBXBuildFile; fileRef = D5FE081A1BEA170B007396B6 /* PubnativeNetworkModel.m */; };
		D5FE08291BEA170B007396B6 /* PubnativePlacementModel.m in Sources */ = {isa = PBXBuildFile; fileRef = D5FE081C1BEA170B007396B6 /* PubnativePlacementModel.m */; };
		D5FE082A1BEA170B007396B6 /* PubnativePriorityRulesModel.m in Sources */ = {isa = PBXBuildFile; fileRef = D5FE081E1BEA170B007396B6 /* PubnativePriorityRulesModel.m */; };
		D5FE082B1BEA170B007396B6 /* PubnativeConfigManager.m in Sources */ = {isa = PBXBuildFile; fileRef = D5FE08201BEA170B007396B6 /* PubnativeConfigManager.m */; };
		D5FE082C1BEA170B007396B6 /* PubnativeDeliveryManager.m in Sources */ = {isa = PBXBuildFile; fileRef = D5FE08221BEA170B007396B6 /* PubnativeDeliveryManager.m */; };
		E69F6564C0ABFAAAC7183D70 /* libPods-PubnativeMediationTests.a in Frameworks */ = {isa = PBXBuildFile; fileRef = 2A928042FE842AB25B74F7BB /* libPods-PubnativeMediationTests.a */; };
/* End PBXBuildFile section */

/* Begin PBXContainerItemProxy section */
		03CCA9FD1C084DB700C69D17 /* PBXContainerItemProxy */ = {
			isa = PBXContainerItemProxy;
			containerPortal = D543845A1BC528A000EBE27A /* Project object */;
			proxyType = 1;
			remoteGlobalIDString = D54384611BC528A000EBE27A;
			remoteInfo = PubnativeMediation;
		};
		D5E26AA11BEA4B7600888F42 /* PBXContainerItemProxy */ = {
			isa = PBXContainerItemProxy;
			containerPortal = D543845A1BC528A000EBE27A /* Project object */;
			proxyType = 1;
			remoteGlobalIDString = D54384611BC528A000EBE27A;
			remoteInfo = PubnativeMediation;
		};
/* End PBXContainerItemProxy section */

/* Begin PBXCopyFilesBuildPhase section */
		D54384601BC528A000EBE27A /* CopyFiles */ = {
			isa = PBXCopyFilesBuildPhase;
			buildActionMask = 2147483647;
			dstPath = "include/$(PRODUCT_NAME)";
			dstSubfolderSpec = 16;
			files = (
			);
			runOnlyForDeploymentPostprocessing = 0;
		};
/* End PBXCopyFilesBuildPhase section */

/* Begin PBXFileReference section */
		031A88D31BFE0CB50039D86F /* AppDelegate.swift */ = {isa = PBXFileReference; fileEncoding = 4; lastKnownFileType = sourcecode.swift; path = AppDelegate.swift; sourceTree = "<group>"; };
		031A88D41BFE0CB50039D86F /* Main.storyboard */ = {isa = PBXFileReference; fileEncoding = 4; lastKnownFileType = file.storyboard; path = Main.storyboard; sourceTree = "<group>"; };
		031A88D51BFE0CB50039D86F /* SettingViewController.swift */ = {isa = PBXFileReference; fileEncoding = 4; lastKnownFileType = sourcecode.swift; path = SettingViewController.swift; sourceTree = "<group>"; };
		031CFFB41BFF4AC500A0AECC /* CellRequestModel.swift */ = {isa = PBXFileReference; fileEncoding = 4; lastKnownFileType = sourcecode.swift; path = CellRequestModel.swift; sourceTree = "<group>"; };
		0336686D1BFE0FE100108944 /* PubnativeTestCrediantials.swift */ = {isa = PBXFileReference; fileEncoding = 4; lastKnownFileType = sourcecode.swift; path = PubnativeTestCrediantials.swift; sourceTree = "<group>"; };
		03484F591C02EBD000D193B5 /* AdCellTableViewCell.swift */ = {isa = PBXFileReference; fileEncoding = 4; lastKnownFileType = sourcecode.swift; path = AdCellTableViewCell.swift; sourceTree = "<group>"; };
		034D6F591BEA5DAC001CF3A5 /* TestValidNetworkAdapter.h */ = {isa = PBXFileReference; fileEncoding = 4; lastKnownFileType = sourcecode.c.h; path = TestValidNetworkAdapter.h; sourceTree = "<group>"; };
		034D6F5A1BEA5DAC001CF3A5 /* TestValidNetworkAdapter.m */ = {isa = PBXFileReference; fileEncoding = 4; lastKnownFileType = sourcecode.c.objc; path = TestValidNetworkAdapter.m; sourceTree = "<group>"; };
		036C92371C0318A400F8F128 /* FloatRatingView.swift */ = {isa = PBXFileReference; fileEncoding = 4; lastKnownFileType = sourcecode.swift; path = FloatRatingView.swift; sourceTree = "<group>"; };
		036C923B1C03468200F8F128 /* PubnativeNetworkRequestSpec.m */ = {isa = PBXFileReference; fileEncoding = 4; lastKnownFileType = sourcecode.c.objc; path = PubnativeNetworkRequestSpec.m; sourceTree = "<group>"; };
		037486D01BF0D961004FFEA1 /* FacebookNativeAdModel.h */ = {isa = PBXFileReference; fileEncoding = 4; lastKnownFileType = sourcecode.c.h; path = FacebookNativeAdModel.h; sourceTree = "<group>"; };
		037486D11BF0D961004FFEA1 /* FacebookNativeAdModel.m */ = {isa = PBXFileReference; fileEncoding = 4; lastKnownFileType = sourcecode.c.objc; path = FacebookNativeAdModel.m; sourceTree = "<group>"; };
		037486D21BF0D961004FFEA1 /* FacebookNetworkAdapter.h */ = {isa = PBXFileReference; fileEncoding = 4; lastKnownFileType = sourcecode.c.h; path = FacebookNetworkAdapter.h; sourceTree = "<group>"; };
		037486D31BF0D961004FFEA1 /* FacebookNetworkAdapter.m */ = {isa = PBXFileReference; fileEncoding = 4; lastKnownFileType = sourcecode.c.objc; path = FacebookNetworkAdapter.m; sourceTree = "<group>"; };
		037486D41BF0D961004FFEA1 /* FBAudienceNetwork.framework */ = {isa = PBXFileReference; lastKnownFileType = wrapper.framework; path = FBAudienceNetwork.framework; sourceTree = "<group>"; };
		03A9A6A01BFDA32100993D9B /* PubnativeAdModelSpec.m */ = {isa = PBXFileReference; fileEncoding = 4; lastKnownFileType = sourcecode.c.objc; path = PubnativeAdModelSpec.m; sourceTree = "<group>"; };
		03CCAA011C08504100C69D17 /* PubnativeMediationDemo-Bridging-Header.h */ = {isa = PBXFileReference; lastKnownFileType = sourcecode.c.h; path = "PubnativeMediationDemo-Bridging-Header.h"; sourceTree = "<group>"; };
		03D092831BFEFDB600A79CA7 /* MainViewController.swift */ = {isa = PBXFileReference; fileEncoding = 4; lastKnownFileType = sourcecode.swift; path = MainViewController.swift; sourceTree = "<group>"; };
		03D53E3E1C0743870028A4AF /* RequestHandler.swift */ = {isa = PBXFileReference; fileEncoding = 4; lastKnownFileType = sourcecode.swift; path = RequestHandler.swift; sourceTree = "<group>"; };
		26B341AD5DD57D35AE7EEA05 /* Pods-PubnativeMediation.release.xcconfig */ = {isa = PBXFileReference; includeInIndex = 1; lastKnownFileType = text.xcconfig; name = "Pods-PubnativeMediation.release.xcconfig"; path = "../Pods/Target Support Files/Pods-PubnativeMediation/Pods-PubnativeMediation.release.xcconfig"; sourceTree = "<group>"; };
		2A928042FE842AB25B74F7BB /* libPods-PubnativeMediationTests.a */ = {isa = PBXFileReference; explicitFileType = archive.ar; includeInIndex = 0; path = "libPods-PubnativeMediationTests.a"; sourceTree = BUILT_PRODUCTS_DIR; };
		455ABF7426830446DEDE34A1 /* Pods-PubnativeMediationDemo.release.xcconfig */ = {isa = PBXFileReference; includeInIndex = 1; lastKnownFileType = text.xcconfig; name = "Pods-PubnativeMediationDemo.release.xcconfig"; path = "../Pods/Target Support Files/Pods-PubnativeMediationDemo/Pods-PubnativeMediationDemo.release.xcconfig"; sourceTree = "<group>"; };
		5734361BBDD660F73DCEB216 /* libPods-PubnativeMediationDemo.a */ = {isa = PBXFileReference; explicitFileType = archive.ar; includeInIndex = 0; path = "libPods-PubnativeMediationDemo.a"; sourceTree = BUILT_PRODUCTS_DIR; };
		580C38A3C784A75BA12DE556 /* Pods-PubnativeMediationTests.release.xcconfig */ = {isa = PBXFileReference; includeInIndex = 1; lastKnownFileType = text.xcconfig; name = "Pods-PubnativeMediationTests.release.xcconfig"; path = "../Pods/Target Support Files/Pods-PubnativeMediationTests/Pods-PubnativeMediationTests.release.xcconfig"; sourceTree = "<group>"; };
		87446776F06DEC2ED0E7FB0B /* Pods-PubnativeMediationDemo.debug.xcconfig */ = {isa = PBXFileReference; includeInIndex = 1; lastKnownFileType = text.xcconfig; name = "Pods-PubnativeMediationDemo.debug.xcconfig"; path = "../Pods/Target Support Files/Pods-PubnativeMediationDemo/Pods-PubnativeMediationDemo.debug.xcconfig"; sourceTree = "<group>"; };
		9A89C6BA0BD3623B9800B81D /* Pods-PubnativeMediationTests.debug.xcconfig */ = {isa = PBXFileReference; includeInIndex = 1; lastKnownFileType = text.xcconfig; name = "Pods-PubnativeMediationTests.debug.xcconfig"; path = "../Pods/Target Support Files/Pods-PubnativeMediationTests/Pods-PubnativeMediationTests.debug.xcconfig"; sourceTree = "<group>"; };
		B01C148AAD62E5CE9D169C10 /* Pods-PubnativeMediation.debug.xcconfig */ = {isa = PBXFileReference; includeInIndex = 1; lastKnownFileType = text.xcconfig; name = "Pods-PubnativeMediation.debug.xcconfig"; path = "../Pods/Target Support Files/Pods-PubnativeMediation/Pods-PubnativeMediation.debug.xcconfig"; sourceTree = "<group>"; };
		D54384621BC528A000EBE27A /* libPubnativeMediation.a */ = {isa = PBXFileReference; explicitFileType = archive.ar; includeInIndex = 0; path = libPubnativeMediation.a; sourceTree = BUILT_PRODUCTS_DIR; };
		D54384721BC528BC00EBE27A /* PubnativeMediationTests.xctest */ = {isa = PBXFileReference; explicitFileType = wrapper.cfbundle; includeInIndex = 0; path = PubnativeMediationTests.xctest; sourceTree = BUILT_PRODUCTS_DIR; };
		D54384761BC528BC00EBE27A /* Info.plist */ = {isa = PBXFileReference; lastKnownFileType = text.plist.xml; path = Info.plist; sourceTree = "<group>"; };
		D54384801BC528D000EBE27A /* PubnativeNetworkAdapter.h */ = {isa = PBXFileReference; fileEncoding = 4; lastKnownFileType = sourcecode.c.h; path = PubnativeNetworkAdapter.h; sourceTree = "<group>"; };
		D54384811BC528D000EBE27A /* PubnativeNetworkAdapter.m */ = {isa = PBXFileReference; fileEncoding = 4; lastKnownFileType = sourcecode.c.objc; path = PubnativeNetworkAdapter.m; sourceTree = "<group>"; };
		D54384821BC528D000EBE27A /* PubnativeNetworkAdapterFactory.h */ = {isa = PBXFileReference; fileEncoding = 4; lastKnownFileType = sourcecode.c.h; path = PubnativeNetworkAdapterFactory.h; sourceTree = "<group>"; };
		D54384831BC528D000EBE27A /* PubnativeNetworkAdapterFactory.m */ = {isa = PBXFileReference; fileEncoding = 4; lastKnownFileType = sourcecode.c.objc; path = PubnativeNetworkAdapterFactory.m; sourceTree = "<group>"; };
		D54384901BC528D000EBE27A /* PubnativeAdModel.h */ = {isa = PBXFileReference; fileEncoding = 4; lastKnownFileType = sourcecode.c.h; path = PubnativeAdModel.h; sourceTree = "<group>"; };
		D54384911BC528D000EBE27A /* PubnativeAdModel.m */ = {isa = PBXFileReference; fileEncoding = 4; lastKnownFileType = sourcecode.c.objc; path = PubnativeAdModel.m; sourceTree = "<group>"; };
		D54384921BC528D000EBE27A /* PubnativeNetworkRequest.h */ = {isa = PBXFileReference; fileEncoding = 4; lastKnownFileType = sourcecode.c.h; path = PubnativeNetworkRequest.h; sourceTree = "<group>"; };
		D54384931BC528D000EBE27A /* PubnativeNetworkRequest.m */ = {isa = PBXFileReference; fileEncoding = 4; lastKnownFileType = sourcecode.c.objc; path = PubnativeNetworkRequest.m; sourceTree = "<group>"; };
		D54384B51BC528F500EBE27A /* PubnativeMediationDemo.app */ = {isa = PBXFileReference; explicitFileType = wrapper.application; includeInIndex = 0; path = PubnativeMediationDemo.app; sourceTree = BUILT_PRODUCTS_DIR; };
		D54384BE1BC528F500EBE27A /* Assets.xcassets */ = {isa = PBXFileReference; lastKnownFileType = folder.assetcatalog; path = Assets.xcassets; sourceTree = "<group>"; };
		D54384C11BC528F500EBE27A /* Base */ = {isa = PBXFileReference; lastKnownFileType = file.storyboard; name = Base; path = Base.lproj/LaunchScreen.storyboard; sourceTree = "<group>"; };
		D54384C31BC528F500EBE27A /* Info.plist */ = {isa = PBXFileReference; lastKnownFileType = text.plist.xml; path = Info.plist; sourceTree = "<group>"; };
		D5E26AA51BEA4C1900888F42 /* PubnativeConfigManagerSpec.m */ = {isa = PBXFileReference; fileEncoding = 4; lastKnownFileType = sourcecode.c.objc; path = PubnativeConfigManagerSpec.m; sourceTree = "<group>"; };
		D5E26AA61BEA4C1900888F42 /* PubnativeConfigUtils.h */ = {isa = PBXFileReference; fileEncoding = 4; lastKnownFileType = sourcecode.c.h; path = PubnativeConfigUtils.h; sourceTree = "<group>"; };
		D5E26AA71BEA4C1900888F42 /* PubnativeConfigUtils.m */ = {isa = PBXFileReference; fileEncoding = 4; lastKnownFileType = sourcecode.c.objc; path = PubnativeConfigUtils.m; sourceTree = "<group>"; };
		D5E26AAD1BEA4CCA00888F42 /* invalid.json */ = {isa = PBXFileReference; fileEncoding = 4; lastKnownFileType = text.json; path = invalid.json; sourceTree = "<group>"; };
		D5E26AAF1BEA4CCA00888F42 /* response_error.json */ = {isa = PBXFileReference; fileEncoding = 4; lastKnownFileType = text.json; path = response_error.json; sourceTree = "<group>"; };
		D5E26AB01BEA4CCA00888F42 /* response_ok_empty.json */ = {isa = PBXFileReference; fileEncoding = 4; lastKnownFileType = text.json; path = response_ok_empty.json; sourceTree = "<group>"; };
		D5E26AB11BEA4CCA00888F42 /* response_ok_invalid.json */ = {isa = PBXFileReference; fileEncoding = 4; lastKnownFileType = text.json; path = response_ok_invalid.json; sourceTree = "<group>"; };
		D5E26AB21BEA4CCA00888F42 /* response_ok_valid.json */ = {isa = PBXFileReference; fileEncoding = 4; lastKnownFileType = text.json; path = response_ok_valid.json; sourceTree = "<group>"; };
		D5E26AB41BEA4CCA00888F42 /* config_empty.json */ = {isa = PBXFileReference; fileEncoding = 4; lastKnownFileType = text.json; path = config_empty.json; sourceTree = "<group>"; };
		D5E26AB51BEA4CCA00888F42 /* config_valid.json */ = {isa = PBXFileReference; fileEncoding = 4; lastKnownFileType = text.json; path = config_valid.json; sourceTree = "<group>"; };
		D5E26AC51BEA4F6E00888F42 /* PubnativeNetworkAdapterFactorySpec.m */ = {isa = PBXFileReference; fileEncoding = 4; lastKnownFileType = sourcecode.c.objc; path = PubnativeNetworkAdapterFactorySpec.m; sourceTree = "<group>"; };
		D5E26AC61BEA4F6E00888F42 /* PubnativeNetworkAdapterSpec.m */ = {isa = PBXFileReference; fileEncoding = 4; lastKnownFileType = sourcecode.c.objc; path = PubnativeNetworkAdapterSpec.m; sourceTree = "<group>"; };
		D5FE080F1BEA170A007396B6 /* PubnativeConfigAPIResponseModel.h */ = {isa = PBXFileReference; fileEncoding = 4; lastKnownFileType = sourcecode.c.h; path = PubnativeConfigAPIResponseModel.h; sourceTree = "<group>"; };
		D5FE08101BEA170A007396B6 /* PubnativeConfigAPIResponseModel.m */ = {isa = PBXFileReference; fileEncoding = 4; lastKnownFileType = sourcecode.c.objc; path = PubnativeConfigAPIResponseModel.m; sourceTree = "<group>"; };
		D5FE08111BEA170A007396B6 /* PubnativeConfigGlobalsModel.h */ = {isa = PBXFileReference; fileEncoding = 4; lastKnownFileType = sourcecode.c.h; path = PubnativeConfigGlobalsModel.h; sourceTree = "<group>"; };
		D5FE08121BEA170A007396B6 /* PubnativeConfigGlobalsModel.m */ = {isa = PBXFileReference; fileEncoding = 4; lastKnownFileType = sourcecode.c.objc; path = PubnativeConfigGlobalsModel.m; sourceTree = "<group>"; };
		D5FE08131BEA170B007396B6 /* PubnativeConfigModel.h */ = {isa = PBXFileReference; fileEncoding = 4; lastKnownFileType = sourcecode.c.h; path = PubnativeConfigModel.h; sourceTree = "<group>"; };
		D5FE08141BEA170B007396B6 /* PubnativeConfigModel.m */ = {isa = PBXFileReference; fileEncoding = 4; lastKnownFileType = sourcecode.c.objc; path = PubnativeConfigModel.m; sourceTree = "<group>"; };
		D5FE08151BEA170B007396B6 /* PubnativeConfigRequestModel.h */ = {isa = PBXFileReference; fileEncoding = 4; lastKnownFileType = sourcecode.c.h; path = PubnativeConfigRequestModel.h; sourceTree = "<group>"; };
		D5FE08161BEA170B007396B6 /* PubnativeConfigRequestModel.m */ = {isa = PBXFileReference; fileEncoding = 4; lastKnownFileType = sourcecode.c.objc; path = PubnativeConfigRequestModel.m; sourceTree = "<group>"; };
		D5FE08171BEA170B007396B6 /* PubnativeDeliveryRuleModel.h */ = {isa = PBXFileReference; fileEncoding = 4; lastKnownFileType = sourcecode.c.h; path = PubnativeDeliveryRuleModel.h; sourceTree = "<group>"; };
		D5FE08181BEA170B007396B6 /* PubnativeDeliveryRuleModel.m */ = {isa = PBXFileReference; fileEncoding = 4; lastKnownFileType = sourcecode.c.objc; path = PubnativeDeliveryRuleModel.m; sourceTree = "<group>"; };
		D5FE08191BEA170B007396B6 /* PubnativeNetworkModel.h */ = {isa = PBXFileReference; fileEncoding = 4; lastKnownFileType = sourcecode.c.h; path = PubnativeNetworkModel.h; sourceTree = "<group>"; };
		D5FE081A1BEA170B007396B6 /* PubnativeNetworkModel.m */ = {isa = PBXFileReference; fileEncoding = 4; lastKnownFileType = sourcecode.c.objc; path = PubnativeNetworkModel.m; sourceTree = "<group>"; };
		D5FE081B1BEA170B007396B6 /* PubnativePlacementModel.h */ = {isa = PBXFileReference; fileEncoding = 4; lastKnownFileType = sourcecode.c.h; path = PubnativePlacementModel.h; sourceTree = "<group>"; };
		D5FE081C1BEA170B007396B6 /* PubnativePlacementModel.m */ = {isa = PBXFileReference; fileEncoding = 4; lastKnownFileType = sourcecode.c.objc; path = PubnativePlacementModel.m; sourceTree = "<group>"; };
		D5FE081D1BEA170B007396B6 /* PubnativePriorityRulesModel.h */ = {isa = PBXFileReference; fileEncoding = 4; lastKnownFileType = sourcecode.c.h; path = PubnativePriorityRulesModel.h; sourceTree = "<group>"; };
		D5FE081E1BEA170B007396B6 /* PubnativePriorityRulesModel.m */ = {isa = PBXFileReference; fileEncoding = 4; lastKnownFileType = sourcecode.c.objc; path = PubnativePriorityRulesModel.m; sourceTree = "<group>"; };
		D5FE081F1BEA170B007396B6 /* PubnativeConfigManager.h */ = {isa = PBXFileReference; fileEncoding = 4; lastKnownFileType = sourcecode.c.h; path = PubnativeConfigManager.h; sourceTree = "<group>"; };
		D5FE08201BEA170B007396B6 /* PubnativeConfigManager.m */ = {isa = PBXFileReference; fileEncoding = 4; lastKnownFileType = sourcecode.c.objc; path = PubnativeConfigManager.m; sourceTree = "<group>"; };
		D5FE08211BEA170B007396B6 /* PubnativeDeliveryManager.h */ = {isa = PBXFileReference; fileEncoding = 4; lastKnownFileType = sourcecode.c.h; path = PubnativeDeliveryManager.h; sourceTree = "<group>"; };
		D5FE08221BEA170B007396B6 /* PubnativeDeliveryManager.m */ = {isa = PBXFileReference; fileEncoding = 4; lastKnownFileType = sourcecode.c.objc; path = PubnativeDeliveryManager.m; sourceTree = "<group>"; };
		FF7483EA05BDC146190BAAD6 /* libPods-PubnativeMediation.a */ = {isa = PBXFileReference; explicitFileType = archive.ar; includeInIndex = 0; path = "libPods-PubnativeMediation.a"; sourceTree = BUILT_PRODUCTS_DIR; };
/* End PBXFileReference section */

/* Begin PBXFrameworksBuildPhase section */
		D543845F1BC528A000EBE27A /* Frameworks */ = {
			isa = PBXFrameworksBuildPhase;
			buildActionMask = 2147483647;
			files = (
				037486D71BF0D961004FFEA1 /* FBAudienceNetwork.framework in Frameworks */,
				A7790EE3605B243BD8C2DC3E /* libPods-PubnativeMediation.a in Frameworks */,
			);
			runOnlyForDeploymentPostprocessing = 0;
		};
		D543846F1BC528BC00EBE27A /* Frameworks */ = {
			isa = PBXFrameworksBuildPhase;
			buildActionMask = 2147483647;
			files = (
				037486D81BF0DA3E004FFEA1 /* FBAudienceNetwork.framework in Frameworks */,
				D5E26AA31BEA4B7F00888F42 /* libPubnativeMediation.a in Frameworks */,
				E69F6564C0ABFAAAC7183D70 /* libPods-PubnativeMediationTests.a in Frameworks */,
			);
			runOnlyForDeploymentPostprocessing = 0;
		};
		D54384B21BC528F500EBE27A /* Frameworks */ = {
			isa = PBXFrameworksBuildPhase;
			buildActionMask = 2147483647;
			files = (
				037486D91BF0DA3F004FFEA1 /* FBAudienceNetwork.framework in Frameworks */,
				D54384C81BC529CC00EBE27A /* libPubnativeMediation.a in Frameworks */,
				25FFE773F39179F889518868 /* libPods-PubnativeMediationDemo.a in Frameworks */,
			);
			runOnlyForDeploymentPostprocessing = 0;
		};
/* End PBXFrameworksBuildPhase section */

/* Begin PBXGroup section */
		03A9A69E1BFDA2A000993D9B /* request */ = {
			isa = PBXGroup;
			children = (
				03A9A69F1BFDA2B400993D9B /* model */,
				036C923B1C03468200F8F128 /* PubnativeNetworkRequestSpec.m */,
			);
			path = request;
			sourceTree = "<group>";
		};
		03A9A69F1BFDA2B400993D9B /* model */ = {
			isa = PBXGroup;
			children = (
				03A9A6A01BFDA32100993D9B /* PubnativeAdModelSpec.m */,
			);
			path = model;
			sourceTree = "<group>";
		};
		44C6D5067D85A94C75799D36 /* Pods */ = {
			isa = PBXGroup;
			children = (
				9A89C6BA0BD3623B9800B81D /* Pods-PubnativeMediationTests.debug.xcconfig */,
				580C38A3C784A75BA12DE556 /* Pods-PubnativeMediationTests.release.xcconfig */,
				B01C148AAD62E5CE9D169C10 /* Pods-PubnativeMediation.debug.xcconfig */,
				26B341AD5DD57D35AE7EEA05 /* Pods-PubnativeMediation.release.xcconfig */,
				87446776F06DEC2ED0E7FB0B /* Pods-PubnativeMediationDemo.debug.xcconfig */,
				455ABF7426830446DEDE34A1 /* Pods-PubnativeMediationDemo.release.xcconfig */,
			);
			name = Pods;
			sourceTree = "<group>";
		};
		570736049B87E6C5A17A6A0E /* Frameworks */ = {
			isa = PBXGroup;
			children = (
				2A928042FE842AB25B74F7BB /* libPods-PubnativeMediationTests.a */,
				FF7483EA05BDC146190BAAD6 /* libPods-PubnativeMediation.a */,
				5734361BBDD660F73DCEB216 /* libPods-PubnativeMediationDemo.a */,
			);
			name = Frameworks;
			sourceTree = "<group>";
		};
		D54384591BC528A000EBE27A = {
			isa = PBXGroup;
			children = (
				D54384641BC528A000EBE27A /* mediation */,
				D54384731BC528BC00EBE27A /* mediation.tests */,
				D54384B61BC528F500EBE27A /* mediation.demo */,
				D54384631BC528A000EBE27A /* Products */,
				44C6D5067D85A94C75799D36 /* Pods */,
				570736049B87E6C5A17A6A0E /* Frameworks */,
			);
			sourceTree = "<group>";
		};
		D54384631BC528A000EBE27A /* Products */ = {
			isa = PBXGroup;
			children = (
				D54384621BC528A000EBE27A /* libPubnativeMediation.a */,
				D54384721BC528BC00EBE27A /* PubnativeMediationTests.xctest */,
				D54384B51BC528F500EBE27A /* PubnativeMediationDemo.app */,
			);
			name = Products;
			sourceTree = "<group>";
		};
		D54384641BC528A000EBE27A /* mediation */ = {
			isa = PBXGroup;
			children = (
				D543847D1BC528D000EBE27A /* adapter */,
				D5FE080D1BEA170A007396B6 /* config */,
				D543848E1BC528D000EBE27A /* request */,
			);
			path = mediation;
			sourceTree = "<group>";
		};
		D54384731BC528BC00EBE27A /* mediation.tests */ = {
			isa = PBXGroup;
			children = (
				03A9A69E1BFDA2A000993D9B /* request */,
				D5E26AC41BEA4F6E00888F42 /* adapter */,
				D5E26AAA1BEA4CCA00888F42 /* resources */,
				D5E26AA41BEA4C1900888F42 /* config */,
				D54384761BC528BC00EBE27A /* Info.plist */,
			);
			path = mediation.tests;
			sourceTree = "<group>";
		};
		D543847D1BC528D000EBE27A /* adapter */ = {
			isa = PBXGroup;
			children = (
				D5E26AC91BEA517500888F42 /* networks */,
				D54384801BC528D000EBE27A /* PubnativeNetworkAdapter.h */,
				D54384811BC528D000EBE27A /* PubnativeNetworkAdapter.m */,
				D54384821BC528D000EBE27A /* PubnativeNetworkAdapterFactory.h */,
				D54384831BC528D000EBE27A /* PubnativeNetworkAdapterFactory.m */,
			);
			path = adapter;
			sourceTree = "<group>";
		};
		D543848E1BC528D000EBE27A /* request */ = {
			isa = PBXGroup;
			children = (
				D543848F1BC528D000EBE27A /* model */,
				D54384921BC528D000EBE27A /* PubnativeNetworkRequest.h */,
				D54384931BC528D000EBE27A /* PubnativeNetworkRequest.m */,
			);
			path = request;
			sourceTree = "<group>";
		};
		D543848F1BC528D000EBE27A /* model */ = {
			isa = PBXGroup;
			children = (
				D54384901BC528D000EBE27A /* PubnativeAdModel.h */,
				D54384911BC528D000EBE27A /* PubnativeAdModel.m */,
			);
			path = model;
			sourceTree = "<group>";
		};
		D54384B61BC528F500EBE27A /* mediation.demo */ = {
			isa = PBXGroup;
			children = (
				031A88D31BFE0CB50039D86F /* AppDelegate.swift */,
				031A88D41BFE0CB50039D86F /* Main.storyboard */,
				03D092831BFEFDB600A79CA7 /* MainViewController.swift */,
				031A88D51BFE0CB50039D86F /* SettingViewController.swift */,
				0336686D1BFE0FE100108944 /* PubnativeTestCrediantials.swift */,
				031CFFB41BFF4AC500A0AECC /* CellRequestModel.swift */,
				03484F591C02EBD000D193B5 /* AdCellTableViewCell.swift */,
				03D53E3E1C0743870028A4AF /* RequestHandler.swift */,
				036C92371C0318A400F8F128 /* FloatRatingView.swift */,
				D54384BE1BC528F500EBE27A /* Assets.xcassets */,
				D54384C01BC528F500EBE27A /* LaunchScreen.storyboard */,
				D54384C31BC528F500EBE27A /* Info.plist */,
				03CCAA011C08504100C69D17 /* PubnativeMediationDemo-Bridging-Header.h */,
			);
			path = mediation.demo;
			sourceTree = "<group>";
		};
		D5E26AA41BEA4C1900888F42 /* config */ = {
			isa = PBXGroup;
			children = (
				D5E26AA51BEA4C1900888F42 /* PubnativeConfigManagerSpec.m */,
				D5E26AA61BEA4C1900888F42 /* PubnativeConfigUtils.h */,
				D5E26AA71BEA4C1900888F42 /* PubnativeConfigUtils.m */,
			);
			path = config;
			sourceTree = "<group>";
		};
		D5E26AAA1BEA4CCA00888F42 /* resources */ = {
			isa = PBXGroup;
			children = (
				D5E26AAD1BEA4CCA00888F42 /* invalid.json */,
				D5E26AAE1BEA4CCA00888F42 /* PubnativeAPIConfigResponseModel */,
				D5E26AB31BEA4CCA00888F42 /* PubnativeConfigModel */,
			);
			path = resources;
			sourceTree = "<group>";
		};
		D5E26AAE1BEA4CCA00888F42 /* PubnativeAPIConfigResponseModel */ = {
			isa = PBXGroup;
			children = (
				D5E26AAF1BEA4CCA00888F42 /* response_error.json */,
				D5E26AB01BEA4CCA00888F42 /* response_ok_empty.json */,
				D5E26AB11BEA4CCA00888F42 /* response_ok_invalid.json */,
				D5E26AB21BEA4CCA00888F42 /* response_ok_valid.json */,
			);
			path = PubnativeAPIConfigResponseModel;
			sourceTree = "<group>";
		};
		D5E26AB31BEA4CCA00888F42 /* PubnativeConfigModel */ = {
			isa = PBXGroup;
			children = (
				D5E26AB41BEA4CCA00888F42 /* config_empty.json */,
				D5E26AB51BEA4CCA00888F42 /* config_valid.json */,
			);
			path = PubnativeConfigModel;
			sourceTree = "<group>";
		};
		D5E26AC41BEA4F6E00888F42 /* adapter */ = {
			isa = PBXGroup;
			children = (
				D5E26AC51BEA4F6E00888F42 /* PubnativeNetworkAdapterFactorySpec.m */,
				D5E26AC61BEA4F6E00888F42 /* PubnativeNetworkAdapterSpec.m */,
				034D6F591BEA5DAC001CF3A5 /* TestValidNetworkAdapter.h */,
				034D6F5A1BEA5DAC001CF3A5 /* TestValidNetworkAdapter.m */,
			);
			path = adapter;
			sourceTree = "<group>";
		};
		D5E26AC91BEA517500888F42 /* networks */ = {
			isa = PBXGroup;
			children = (
				D5E26ACA1BEA517500888F42 /* facebook */,
			);
			path = networks;
			sourceTree = "<group>";
		};
		D5E26ACA1BEA517500888F42 /* facebook */ = {
			isa = PBXGroup;
			children = (
				037486D01BF0D961004FFEA1 /* FacebookNativeAdModel.h */,
				037486D11BF0D961004FFEA1 /* FacebookNativeAdModel.m */,
				037486D21BF0D961004FFEA1 /* FacebookNetworkAdapter.h */,
				037486D31BF0D961004FFEA1 /* FacebookNetworkAdapter.m */,
				037486D41BF0D961004FFEA1 /* FBAudienceNetwork.framework */,
			);
			path = facebook;
			sourceTree = "<group>";
		};
		D5FE080D1BEA170A007396B6 /* config */ = {
			isa = PBXGroup;
			children = (
				D5FE080E1BEA170A007396B6 /* model */,
				D5FE081F1BEA170B007396B6 /* PubnativeConfigManager.h */,
				D5FE08201BEA170B007396B6 /* PubnativeConfigManager.m */,
				D5FE08211BEA170B007396B6 /* PubnativeDeliveryManager.h */,
				D5FE08221BEA170B007396B6 /* PubnativeDeliveryManager.m */,
			);
			path = config;
			sourceTree = "<group>";
		};
		D5FE080E1BEA170A007396B6 /* model */ = {
			isa = PBXGroup;
			children = (
				D5FE080F1BEA170A007396B6 /* PubnativeConfigAPIResponseModel.h */,
				D5FE08101BEA170A007396B6 /* PubnativeConfigAPIResponseModel.m */,
				D5FE08111BEA170A007396B6 /* PubnativeConfigGlobalsModel.h */,
				D5FE08121BEA170A007396B6 /* PubnativeConfigGlobalsModel.m */,
				D5FE08131BEA170B007396B6 /* PubnativeConfigModel.h */,
				D5FE08141BEA170B007396B6 /* PubnativeConfigModel.m */,
				D5FE08151BEA170B007396B6 /* PubnativeConfigRequestModel.h */,
				D5FE08161BEA170B007396B6 /* PubnativeConfigRequestModel.m */,
				D5FE08171BEA170B007396B6 /* PubnativeDeliveryRuleModel.h */,
				D5FE08181BEA170B007396B6 /* PubnativeDeliveryRuleModel.m */,
				D5FE08191BEA170B007396B6 /* PubnativeNetworkModel.h */,
				D5FE081A1BEA170B007396B6 /* PubnativeNetworkModel.m */,
				D5FE081B1BEA170B007396B6 /* PubnativePlacementModel.h */,
				D5FE081C1BEA170B007396B6 /* PubnativePlacementModel.m */,
				D5FE081D1BEA170B007396B6 /* PubnativePriorityRulesModel.h */,
				D5FE081E1BEA170B007396B6 /* PubnativePriorityRulesModel.m */,
			);
			path = model;
			sourceTree = "<group>";
		};
/* End PBXGroup section */

/* Begin PBXNativeTarget section */
		D54384611BC528A000EBE27A /* PubnativeMediation */ = {
			isa = PBXNativeTarget;
			buildConfigurationList = D543846B1BC528A000EBE27A /* Build configuration list for PBXNativeTarget "PubnativeMediation" */;
			buildPhases = (
				1D41C4CAF571309064E56CD9 /* Check Pods Manifest.lock */,
				D543845E1BC528A000EBE27A /* Sources */,
				D543845F1BC528A000EBE27A /* Frameworks */,
				D54384601BC528A000EBE27A /* CopyFiles */,
				4CACC177DAA08C3629D3216B /* Copy Pods Resources */,
			);
			buildRules = (
			);
			dependencies = (
			);
			name = PubnativeMediation;
			productName = mediation;
			productReference = D54384621BC528A000EBE27A /* libPubnativeMediation.a */;
			productType = "com.apple.product-type.library.static";
		};
		D54384711BC528BC00EBE27A /* PubnativeMediationTests */ = {
			isa = PBXNativeTarget;
			buildConfigurationList = D543847A1BC528BC00EBE27A /* Build configuration list for PBXNativeTarget "PubnativeMediationTests" */;
			buildPhases = (
				6394B2B329992E0FCBD2723C /* Check Pods Manifest.lock */,
				D543846E1BC528BC00EBE27A /* Sources */,
				D543846F1BC528BC00EBE27A /* Frameworks */,
				D54384701BC528BC00EBE27A /* Resources */,
				37726F195D30C3E37002114A /* Copy Pods Resources */,
				FEB52E00457CDFAEA46B3CFC /* Embed Pods Frameworks */,
			);
			buildRules = (
			);
			dependencies = (
				D5E26AA21BEA4B7600888F42 /* PBXTargetDependency */,
			);
			name = PubnativeMediationTests;
			productName = mediation.tests;
			productReference = D54384721BC528BC00EBE27A /* PubnativeMediationTests.xctest */;
			productType = "com.apple.product-type.bundle.unit-test";
		};
		D54384B41BC528F500EBE27A /* PubnativeMediationDemo */ = {
			isa = PBXNativeTarget;
			buildConfigurationList = D54384C41BC528F500EBE27A /* Build configuration list for PBXNativeTarget "PubnativeMediationDemo" */;
			buildPhases = (
				53EA25DF2F42AE4279B90C46 /* Check Pods Manifest.lock */,
				D54384B11BC528F500EBE27A /* Sources */,
				D54384B21BC528F500EBE27A /* Frameworks */,
				D54384B31BC528F500EBE27A /* Resources */,
				3570BB71B5D282D524BD7B33 /* Copy Pods Resources */,
				73F4AE00859531CEC50D5ABB /* Embed Pods Frameworks */,
			);
			buildRules = (
			);
			dependencies = (
				03CCA9FE1C084DB700C69D17 /* PBXTargetDependency */,
			);
			name = PubnativeMediationDemo;
			productName = mediation.demo;
			productReference = D54384B51BC528F500EBE27A /* PubnativeMediationDemo.app */;
			productType = "com.apple.product-type.application";
		};
/* End PBXNativeTarget section */

/* Begin PBXProject section */
		D543845A1BC528A000EBE27A /* Project object */ = {
			isa = PBXProject;
			attributes = {
				LastSwiftUpdateCheck = 0700;
				LastUpgradeCheck = 0700;
				ORGANIZATIONNAME = pubnative;
				TargetAttributes = {
					D54384611BC528A000EBE27A = {
						CreatedOnToolsVersion = 7.0.1;
					};
					D54384711BC528BC00EBE27A = {
						CreatedOnToolsVersion = 7.0.1;
					};
					D54384B41BC528F500EBE27A = {
						CreatedOnToolsVersion = 7.0.1;
					};
				};
			};
			buildConfigurationList = D543845D1BC528A000EBE27A /* Build configuration list for PBXProject "mediation" */;
			compatibilityVersion = "Xcode 3.2";
			developmentRegion = English;
			hasScannedForEncodings = 0;
			knownRegions = (
				en,
				Base,
			);
			mainGroup = D54384591BC528A000EBE27A;
			productRefGroup = D54384631BC528A000EBE27A /* Products */;
			projectDirPath = "";
			projectRoot = "";
			targets = (
				D54384611BC528A000EBE27A /* PubnativeMediation */,
				D54384711BC528BC00EBE27A /* PubnativeMediationTests */,
				D54384B41BC528F500EBE27A /* PubnativeMediationDemo */,
			);
		};
/* End PBXProject section */

/* Begin PBXResourcesBuildPhase section */
		D54384701BC528BC00EBE27A /* Resources */ = {
			isa = PBXResourcesBuildPhase;
			buildActionMask = 2147483647;
			files = (
				D5E26ABC1BEA4CCA00888F42 /* response_ok_valid.json in Resources */,
				D5E26ABB1BEA4CCA00888F42 /* response_ok_invalid.json in Resources */,
				D5E26ABA1BEA4CCA00888F42 /* response_ok_empty.json in Resources */,
				D5E26ABD1BEA4CCA00888F42 /* config_empty.json in Resources */,
				D5E26ABE1BEA4CCA00888F42 /* config_valid.json in Resources */,
				D5E26AB81BEA4CCA00888F42 /* invalid.json in Resources */,
				D5E26AB91BEA4CCA00888F42 /* response_error.json in Resources */,
			);
			runOnlyForDeploymentPostprocessing = 0;
		};
		D54384B31BC528F500EBE27A /* Resources */ = {
			isa = PBXResourcesBuildPhase;
			buildActionMask = 2147483647;
			files = (
				031A88D71BFE0CB50039D86F /* Main.storyboard in Resources */,
				D54384C21BC528F500EBE27A /* LaunchScreen.storyboard in Resources */,
				D54384BF1BC528F500EBE27A /* Assets.xcassets in Resources */,
			);
			runOnlyForDeploymentPostprocessing = 0;
		};
/* End PBXResourcesBuildPhase section */

/* Begin PBXShellScriptBuildPhase section */
		1D41C4CAF571309064E56CD9 /* Check Pods Manifest.lock */ = {
			isa = PBXShellScriptBuildPhase;
			buildActionMask = 2147483647;
			files = (
			);
			inputPaths = (
			);
			name = "Check Pods Manifest.lock";
			outputPaths = (
			);
			runOnlyForDeploymentPostprocessing = 0;
			shellPath = /bin/sh;
			shellScript = "diff \"${PODS_ROOT}/../Podfile.lock\" \"${PODS_ROOT}/Manifest.lock\" > /dev/null\nif [[ $? != 0 ]] ; then\n    cat << EOM\nerror: The sandbox is not in sync with the Podfile.lock. Run 'pod install' or update your CocoaPods installation.\nEOM\n    exit 1\nfi\n";
			showEnvVarsInLog = 0;
		};
		3570BB71B5D282D524BD7B33 /* Copy Pods Resources */ = {
			isa = PBXShellScriptBuildPhase;
			buildActionMask = 2147483647;
			files = (
			);
			inputPaths = (
			);
			name = "Copy Pods Resources";
			outputPaths = (
			);
			runOnlyForDeploymentPostprocessing = 0;
			shellPath = /bin/sh;
			shellScript = "\"${SRCROOT}/../Pods/Target Support Files/Pods-PubnativeMediationDemo/Pods-PubnativeMediationDemo-resources.sh\"\n";
			showEnvVarsInLog = 0;
		};
		37726F195D30C3E37002114A /* Copy Pods Resources */ = {
			isa = PBXShellScriptBuildPhase;
			buildActionMask = 2147483647;
			files = (
			);
			inputPaths = (
			);
			name = "Copy Pods Resources";
			outputPaths = (
			);
			runOnlyForDeploymentPostprocessing = 0;
			shellPath = /bin/sh;
			shellScript = "\"${SRCROOT}/../Pods/Target Support Files/Pods-PubnativeMediationTests/Pods-PubnativeMediationTests-resources.sh\"\n";
			showEnvVarsInLog = 0;
		};
		4CACC177DAA08C3629D3216B /* Copy Pods Resources */ = {
			isa = PBXShellScriptBuildPhase;
			buildActionMask = 2147483647;
			files = (
			);
			inputPaths = (
			);
			name = "Copy Pods Resources";
			outputPaths = (
			);
			runOnlyForDeploymentPostprocessing = 0;
			shellPath = /bin/sh;
			shellScript = "\"${SRCROOT}/../Pods/Target Support Files/Pods-PubnativeMediation/Pods-PubnativeMediation-resources.sh\"\n";
			showEnvVarsInLog = 0;
		};
		53EA25DF2F42AE4279B90C46 /* Check Pods Manifest.lock */ = {
			isa = PBXShellScriptBuildPhase;
			buildActionMask = 2147483647;
			files = (
			);
			inputPaths = (
			);
			name = "Check Pods Manifest.lock";
			outputPaths = (
			);
			runOnlyForDeploymentPostprocessing = 0;
			shellPath = /bin/sh;
			shellScript = "diff \"${PODS_ROOT}/../Podfile.lock\" \"${PODS_ROOT}/Manifest.lock\" > /dev/null\nif [[ $? != 0 ]] ; then\n    cat << EOM\nerror: The sandbox is not in sync with the Podfile.lock. Run 'pod install' or update your CocoaPods installation.\nEOM\n    exit 1\nfi\n";
			showEnvVarsInLog = 0;
		};
		6394B2B329992E0FCBD2723C /* Check Pods Manifest.lock */ = {
			isa = PBXShellScriptBuildPhase;
			buildActionMask = 2147483647;
			files = (
			);
			inputPaths = (
			);
			name = "Check Pods Manifest.lock";
			outputPaths = (
			);
			runOnlyForDeploymentPostprocessing = 0;
			shellPath = /bin/sh;
			shellScript = "diff \"${PODS_ROOT}/../Podfile.lock\" \"${PODS_ROOT}/Manifest.lock\" > /dev/null\nif [[ $? != 0 ]] ; then\n    cat << EOM\nerror: The sandbox is not in sync with the Podfile.lock. Run 'pod install' or update your CocoaPods installation.\nEOM\n    exit 1\nfi\n";
			showEnvVarsInLog = 0;
		};
		73F4AE00859531CEC50D5ABB /* Embed Pods Frameworks */ = {
			isa = PBXShellScriptBuildPhase;
			buildActionMask = 2147483647;
			files = (
			);
			inputPaths = (
			);
			name = "Embed Pods Frameworks";
			outputPaths = (
			);
			runOnlyForDeploymentPostprocessing = 0;
			shellPath = /bin/sh;
			shellScript = "\"${SRCROOT}/../Pods/Target Support Files/Pods-PubnativeMediationDemo/Pods-PubnativeMediationDemo-frameworks.sh\"\n";
			showEnvVarsInLog = 0;
		};
		FEB52E00457CDFAEA46B3CFC /* Embed Pods Frameworks */ = {
			isa = PBXShellScriptBuildPhase;
			buildActionMask = 2147483647;
			files = (
			);
			inputPaths = (
			);
			name = "Embed Pods Frameworks";
			outputPaths = (
			);
			runOnlyForDeploymentPostprocessing = 0;
			shellPath = /bin/sh;
			shellScript = "\"${SRCROOT}/../Pods/Target Support Files/Pods-PubnativeMediationTests/Pods-PubnativeMediationTests-frameworks.sh\"\n";
			showEnvVarsInLog = 0;
		};
/* End PBXShellScriptBuildPhase section */

/* Begin PBXSourcesBuildPhase section */
		D543845E1BC528A000EBE27A /* Sources */ = {
			isa = PBXSourcesBuildPhase;
			buildActionMask = 2147483647;
			files = (
				D5FE08231BEA170B007396B6 /* PubnativeConfigAPIResponseModel.m in Sources */,
				037486D51BF0D961004FFEA1 /* FacebookNativeAdModel.m in Sources */,
				D54384941BC528D000EBE27A /* PubnativeNetworkAdapter.m in Sources */,
				D5FE08281BEA170B007396B6 /* PubnativeNetworkModel.m in Sources */,
				D54384991BC528D000EBE27A /* PubnativeAdModel.m in Sources */,
				D5FE08291BEA170B007396B6 /* PubnativePlacementModel.m in Sources */,
				037486D61BF0D961004FFEA1 /* FacebookNetworkAdapter.m in Sources */,
				D5FE08261BEA170B007396B6 /* PubnativeConfigRequestModel.m in Sources */,
				D5FE082A1BEA170B007396B6 /* PubnativePriorityRulesModel.m in Sources */,
				D5FE08271BEA170B007396B6 /* PubnativeDeliveryRuleModel.m in Sources */,
				D543849A1BC528D000EBE27A /* PubnativeNetworkRequest.m in Sources */,
				D5FE082B1BEA170B007396B6 /* PubnativeConfigManager.m in Sources */,
				D54384951BC528D000EBE27A /* PubnativeNetworkAdapterFactory.m in Sources */,
				D5FE08251BEA170B007396B6 /* PubnativeConfigModel.m in Sources */,
				D5FE08241BEA170B007396B6 /* PubnativeConfigGlobalsModel.m in Sources */,
				D5FE082C1BEA170B007396B6 /* PubnativeDeliveryManager.m in Sources */,
			);
			runOnlyForDeploymentPostprocessing = 0;
		};
		D543846E1BC528BC00EBE27A /* Sources */ = {
			isa = PBXSourcesBuildPhase;
			buildActionMask = 2147483647;
			files = (
				03A9A6A11BFDA32100993D9B /* PubnativeAdModelSpec.m in Sources */,
				D5E26AC81BEA4F6E00888F42 /* PubnativeNetworkAdapterSpec.m in Sources */,
				D5E26AA91BEA4C1900888F42 /* PubnativeConfigUtils.m in Sources */,
				036C923D1C03470500F8F128 /* PubnativeNetworkRequestSpec.m in Sources */,
				034D6F5C1BEA5DE6001CF3A5 /* TestValidNetworkAdapter.m in Sources */,
				D5E26AC71BEA4F6E00888F42 /* PubnativeNetworkAdapterFactorySpec.m in Sources */,
				D5E26AA81BEA4C1900888F42 /* PubnativeConfigManagerSpec.m in Sources */,
			);
			runOnlyForDeploymentPostprocessing = 0;
		};
		D54384B11BC528F500EBE27A /* Sources */ = {
			isa = PBXSourcesBuildPhase;
			buildActionMask = 2147483647;
			files = (
				03484F5A1C02EBD000D193B5 /* AdCellTableViewCell.swift in Sources */,
				0336686E1BFE0FE100108944 /* PubnativeTestCrediantials.swift in Sources */,
				036C92381C0318A400F8F128 /* FloatRatingView.swift in Sources */,
				031A88D61BFE0CB50039D86F /* AppDelegate.swift in Sources */,
				031A88D81BFE0CB50039D86F /* SettingViewController.swift in Sources */,
				03D092841BFEFDB600A79CA7 /* MainViewController.swift in Sources */,
				03D53E3F1C0743870028A4AF /* RequestHandler.swift in Sources */,
				031CFFB51BFF4AC500A0AECC /* CellRequestModel.swift in Sources */,
			);
			runOnlyForDeploymentPostprocessing = 0;
		};
/* End PBXSourcesBuildPhase section */

/* Begin PBXTargetDependency section */
		03CCA9FE1C084DB700C69D17 /* PBXTargetDependency */ = {
			isa = PBXTargetDependency;
			target = D54384611BC528A000EBE27A /* PubnativeMediation */;
			targetProxy = 03CCA9FD1C084DB700C69D17 /* PBXContainerItemProxy */;
		};
		D5E26AA21BEA4B7600888F42 /* PBXTargetDependency */ = {
			isa = PBXTargetDependency;
			target = D54384611BC528A000EBE27A /* PubnativeMediation */;
			targetProxy = D5E26AA11BEA4B7600888F42 /* PBXContainerItemProxy */;
		};
/* End PBXTargetDependency section */

/* Begin PBXVariantGroup section */
		D54384C01BC528F500EBE27A /* LaunchScreen.storyboard */ = {
			isa = PBXVariantGroup;
			children = (
				D54384C11BC528F500EBE27A /* Base */,
			);
			name = LaunchScreen.storyboard;
			sourceTree = "<group>";
		};
/* End PBXVariantGroup section */

/* Begin XCBuildConfiguration section */
		D54384691BC528A000EBE27A /* Debug */ = {
			isa = XCBuildConfiguration;
			buildSettings = {
				ALWAYS_SEARCH_USER_PATHS = NO;
				CLANG_CXX_LANGUAGE_STANDARD = "gnu++0x";
				CLANG_CXX_LIBRARY = "libc++";
				CLANG_ENABLE_MODULES = YES;
				CLANG_ENABLE_OBJC_ARC = YES;
				CLANG_WARN_BOOL_CONVERSION = YES;
				CLANG_WARN_CONSTANT_CONVERSION = YES;
				CLANG_WARN_DIRECT_OBJC_ISA_USAGE = YES_ERROR;
				CLANG_WARN_EMPTY_BODY = YES;
				CLANG_WARN_ENUM_CONVERSION = YES;
				CLANG_WARN_INT_CONVERSION = YES;
				CLANG_WARN_OBJC_ROOT_CLASS = YES_ERROR;
				CLANG_WARN_UNREACHABLE_CODE = YES;
				CLANG_WARN__DUPLICATE_METHOD_MATCH = YES;
				COPY_PHASE_STRIP = NO;
				DEBUG_INFORMATION_FORMAT = dwarf;
				ENABLE_STRICT_OBJC_MSGSEND = YES;
				ENABLE_TESTABILITY = YES;
				GCC_C_LANGUAGE_STANDARD = gnu99;
				GCC_DYNAMIC_NO_PIC = NO;
				GCC_NO_COMMON_BLOCKS = YES;
				GCC_OPTIMIZATION_LEVEL = 0;
				GCC_PREPROCESSOR_DEFINITIONS = (
					"DEBUG=1",
					"$(inherited)",
				);
				GCC_WARN_64_TO_32_BIT_CONVERSION = YES;
				GCC_WARN_ABOUT_RETURN_TYPE = YES_ERROR;
				GCC_WARN_UNDECLARED_SELECTOR = YES;
				GCC_WARN_UNINITIALIZED_AUTOS = YES_AGGRESSIVE;
				GCC_WARN_UNUSED_FUNCTION = YES;
				GCC_WARN_UNUSED_VARIABLE = YES;
				IPHONEOS_DEPLOYMENT_TARGET = 9.0;
				MTL_ENABLE_DEBUG_INFO = YES;
				ONLY_ACTIVE_ARCH = YES;
				SDKROOT = iphoneos;
			};
			name = Debug;
		};
		D543846A1BC528A000EBE27A /* Release */ = {
			isa = XCBuildConfiguration;
			buildSettings = {
				ALWAYS_SEARCH_USER_PATHS = NO;
				CLANG_CXX_LANGUAGE_STANDARD = "gnu++0x";
				CLANG_CXX_LIBRARY = "libc++";
				CLANG_ENABLE_MODULES = YES;
				CLANG_ENABLE_OBJC_ARC = YES;
				CLANG_WARN_BOOL_CONVERSION = YES;
				CLANG_WARN_CONSTANT_CONVERSION = YES;
				CLANG_WARN_DIRECT_OBJC_ISA_USAGE = YES_ERROR;
				CLANG_WARN_EMPTY_BODY = YES;
				CLANG_WARN_ENUM_CONVERSION = YES;
				CLANG_WARN_INT_CONVERSION = YES;
				CLANG_WARN_OBJC_ROOT_CLASS = YES_ERROR;
				CLANG_WARN_UNREACHABLE_CODE = YES;
				CLANG_WARN__DUPLICATE_METHOD_MATCH = YES;
				COPY_PHASE_STRIP = NO;
				DEBUG_INFORMATION_FORMAT = "dwarf-with-dsym";
				ENABLE_NS_ASSERTIONS = NO;
				ENABLE_STRICT_OBJC_MSGSEND = YES;
				GCC_C_LANGUAGE_STANDARD = gnu99;
				GCC_NO_COMMON_BLOCKS = YES;
				GCC_WARN_64_TO_32_BIT_CONVERSION = YES;
				GCC_WARN_ABOUT_RETURN_TYPE = YES_ERROR;
				GCC_WARN_UNDECLARED_SELECTOR = YES;
				GCC_WARN_UNINITIALIZED_AUTOS = YES_AGGRESSIVE;
				GCC_WARN_UNUSED_FUNCTION = YES;
				GCC_WARN_UNUSED_VARIABLE = YES;
				IPHONEOS_DEPLOYMENT_TARGET = 9.0;
				MTL_ENABLE_DEBUG_INFO = NO;
				SDKROOT = iphoneos;
				VALIDATE_PRODUCT = YES;
			};
			name = Release;
		};
		D543846C1BC528A000EBE27A /* Debug */ = {
			isa = XCBuildConfiguration;
			baseConfigurationReference = B01C148AAD62E5CE9D169C10 /* Pods-PubnativeMediation.debug.xcconfig */;
			buildSettings = {
				FRAMEWORK_SEARCH_PATHS = (
					"$(inherited)",
					"$(PROJECT_DIR)/mediation/adapter/networks/facebook",
				);
				OTHER_LDFLAGS = "$(inherited)";
				PRODUCT_NAME = "$(TARGET_NAME)";
				SKIP_INSTALL = YES;
			};
			name = Debug;
		};
		D543846D1BC528A000EBE27A /* Release */ = {
			isa = XCBuildConfiguration;
			baseConfigurationReference = 26B341AD5DD57D35AE7EEA05 /* Pods-PubnativeMediation.release.xcconfig */;
			buildSettings = {
				FRAMEWORK_SEARCH_PATHS = (
					"$(inherited)",
					"$(PROJECT_DIR)/mediation/adapter/networks/facebook",
				);
				OTHER_LDFLAGS = "$(inherited)";
				PRODUCT_NAME = "$(TARGET_NAME)";
				SKIP_INSTALL = YES;
			};
			name = Release;
		};
		D543847B1BC528BC00EBE27A /* Debug */ = {
			isa = XCBuildConfiguration;
			baseConfigurationReference = 9A89C6BA0BD3623B9800B81D /* Pods-PubnativeMediationTests.debug.xcconfig */;
			buildSettings = {
				FRAMEWORK_SEARCH_PATHS = (
					"$(inherited)",
					"$(PROJECT_DIR)/mediation/adapter/networks/facebook",
				);
				INFOPLIST_FILE = mediation.tests/Info.plist;
				LD_RUNPATH_SEARCH_PATHS = "$(inherited) @executable_path/Frameworks @loader_path/Frameworks";
				PRODUCT_BUNDLE_IDENTIFIER = "net.pubnative.mediation-tests";
				PRODUCT_NAME = "$(TARGET_NAME)";
			};
			name = Debug;
		};
		D543847C1BC528BC00EBE27A /* Release */ = {
			isa = XCBuildConfiguration;
			baseConfigurationReference = 580C38A3C784A75BA12DE556 /* Pods-PubnativeMediationTests.release.xcconfig */;
			buildSettings = {
				FRAMEWORK_SEARCH_PATHS = (
					"$(inherited)",
					"$(PROJECT_DIR)/mediation/adapter/networks/facebook",
				);
				INFOPLIST_FILE = mediation.tests/Info.plist;
				LD_RUNPATH_SEARCH_PATHS = "$(inherited) @executable_path/Frameworks @loader_path/Frameworks";
				PRODUCT_BUNDLE_IDENTIFIER = "net.pubnative.mediation-tests";
				PRODUCT_NAME = "$(TARGET_NAME)";
			};
			name = Release;
		};
		D54384C51BC528F500EBE27A /* Debug */ = {
			isa = XCBuildConfiguration;
			baseConfigurationReference = 87446776F06DEC2ED0E7FB0B /* Pods-PubnativeMediationDemo.debug.xcconfig */;
			buildSettings = {
				ASSETCATALOG_COMPILER_APPICON_NAME = AppIcon;
				CLANG_ENABLE_MODULES = YES;
				"CODE_SIGN_IDENTITY[sdk=iphoneos*]" = "iPhone Developer";
				FRAMEWORK_SEARCH_PATHS = (
					"$(inherited)",
					"$(PROJECT_DIR)/mediation/adapter/networks/facebook",
				);
				INFOPLIST_FILE = mediation.demo/Info.plist;
				IPHONEOS_DEPLOYMENT_TARGET = 7.0;
				LD_RUNPATH_SEARCH_PATHS = "$(inherited) @executable_path/Frameworks";
				PRODUCT_BUNDLE_IDENTIFIER = "net.pubnative.mediation-demo";
				PRODUCT_NAME = "$(TARGET_NAME)";
				SWIFT_OBJC_BRIDGING_HEADER = "mediation.demo/PubnativeMediationDemo-Bridging-Header.h";
				SWIFT_OPTIMIZATION_LEVEL = "-Onone";
				TARGETED_DEVICE_FAMILY = "1,2";
			};
			name = Debug;
		};
		D54384C61BC528F500EBE27A /* Release */ = {
			isa = XCBuildConfiguration;
			baseConfigurationReference = 455ABF7426830446DEDE34A1 /* Pods-PubnativeMediationDemo.release.xcconfig */;
			buildSettings = {
				ASSETCATALOG_COMPILER_APPICON_NAME = AppIcon;
				CLANG_ENABLE_MODULES = YES;
				"CODE_SIGN_IDENTITY[sdk=iphoneos*]" = "iPhone Developer";
				FRAMEWORK_SEARCH_PATHS = (
					"$(inherited)",
					"$(PROJECT_DIR)/mediation/adapter/networks/facebook",
				);
				INFOPLIST_FILE = mediation.demo/Info.plist;
				IPHONEOS_DEPLOYMENT_TARGET = 7.0;
				LD_RUNPATH_SEARCH_PATHS = "$(inherited) @executable_path/Frameworks";
				PRODUCT_BUNDLE_IDENTIFIER = "net.pubnative.mediation-demo";
				PRODUCT_NAME = "$(TARGET_NAME)";
				SWIFT_OBJC_BRIDGING_HEADER = "mediation.demo/PubnativeMediationDemo-Bridging-Header.h";
				TARGETED_DEVICE_FAMILY = "1,2";
			};
			name = Release;
		};
/* End XCBuildConfiguration section */

/* Begin XCConfigurationList section */
		D543845D1BC528A000EBE27A /* Build configuration list for PBXProject "mediation" */ = {
			isa = XCConfigurationList;
			buildConfigurations = (
				D54384691BC528A000EBE27A /* Debug */,
				D543846A1BC528A000EBE27A /* Release */,
			);
			defaultConfigurationIsVisible = 0;
			defaultConfigurationName = Release;
		};
		D543846B1BC528A000EBE27A /* Build configuration list for PBXNativeTarget "PubnativeMediation" */ = {
			isa = XCConfigurationList;
			buildConfigurations = (
				D543846C1BC528A000EBE27A /* Debug */,
				D543846D1BC528A000EBE27A /* Release */,
			);
			defaultConfigurationIsVisible = 0;
			defaultConfigurationName = Release;
		};
		D543847A1BC528BC00EBE27A /* Build configuration list for PBXNativeTarget "PubnativeMediationTests" */ = {
			isa = XCConfigurationList;
			buildConfigurations = (
				D543847B1BC528BC00EBE27A /* Debug */,
				D543847C1BC528BC00EBE27A /* Release */,
			);
			defaultConfigurationIsVisible = 0;
			defaultConfigurationName = Release;
		};
		D54384C41BC528F500EBE27A /* Build configuration list for PBXNativeTarget "PubnativeMediationDemo" */ = {
			isa = XCConfigurationList;
			buildConfigurations = (
				D54384C51BC528F500EBE27A /* Debug */,
				D54384C61BC528F500EBE27A /* Release */,
			);
			defaultConfigurationIsVisible = 0;
			defaultConfigurationName = Release;
		};
/* End XCConfigurationList section */
	};
	rootObject = D543845A1BC528A000EBE27A /* Project object */;
}
